{
  "version": 4,
  "terraform_version": "1.6.0",
  "serial": 111,
  "lineage": "f7b87548-afcf-5e33-eea0-5eb8f6def6aa",
  "outputs": {
    "ip": {
      "value": "35.238.124.43",
      "type": "string"
    }
  },
  "resources": [
    {
      "mode": "data",
      "type": "google_compute_instance",
      "name": "master",
      "provider": "provider[\"registry.terraform.io/hashicorp/google\"]",
      "instances": [
        {
          "schema_version": 0,
          "attributes": {
            "advanced_machine_features": null,
            "allow_stopping_for_update": null,
            "attached_disk": [],
            "boot_disk": [
              {
                "auto_delete": true,
                "device_name": "persistent-disk-0",
                "disk_encryption_key_raw": "",
                "disk_encryption_key_sha256": "",
                "initialize_params": [
                  {
                    "image": "https://www.googleapis.com/compute/v1/projects/cloud-dataproc/global/images/dataproc-1-5-deb10-20230909-165100-rc01",
                    "labels": {
                      "goog-dataproc-cluster-name": "jupyter-docker-terraform-qiuyangz",
                      "goog-dataproc-cluster-uuid": "609487fa-df25-4dc2-baf5-ed2655193598",
                      "goog-dataproc-location": "us-central1"
                    },
                    "resource_manager_tags": {},
                    "size": 30,
                    "type": "pd-ssd"
                  }
                ],
                "kms_key_self_link": "",
                "mode": "READ_WRITE",
                "source": "https://www.googleapis.com/compute/v1/projects/amazing-autumn-398923/zones/us-central1-a/disks/jupyter-docker-terraform-qiuyangz-m"
              }
            ],
            "can_ip_forward": false,
            "confidential_instance_config": null,
            "cpu_platform": "Intel Haswell",
            "current_status": "RUNNING",
            "deletion_protection": false,
            "description": null,
            "desired_status": null,
            "effective_labels": null,
            "enable_display": false,
            "guest_accelerator": [],
            "hostname": null,
            "id": "projects/amazing-autumn-398923/zones/us-central1-a/instances/jupyter-docker-terraform-qiuyangz-m",
            "instance_id": "5620991013879032497",
            "label_fingerprint": "LKnMM7LhXV0=",
            "labels": {
              "goog-dataproc-cluster-name": "jupyter-docker-terraform-qiuyangz",
              "goog-dataproc-cluster-uuid": "609487fa-df25-4dc2-baf5-ed2655193598",
              "goog-dataproc-location": "us-central1"
            },
            "machine_type": "n1-standard-2",
            "metadata": {
              "dataproc-agent-output-directory": "gs://dataproc-staging-us-central1-349782779724-8igrjnz3/google-cloud-dataproc-metainfo/609487fa-df25-4dc2-baf5-ed2655193598/jupyter-docker-terraform-qiuyangz-m",
              "dataproc-bucket": "dataproc-staging-us-central1-349782779724-8igrjnz3",
              "dataproc-cloud-logging-enabled": "false",
              "dataproc-cluster-configuration-directory": "gs://dataproc-staging-us-central1-349782779724-8igrjnz3/google-cloud-dataproc-metainfo/609487fa-df25-4dc2-baf5-ed2655193598/",
              "dataproc-cluster-name": "jupyter-docker-terraform-qiuyangz",
              "dataproc-cluster-properties": "ZIPPY:eJydV11v4jgUfedXIM3r2iJ8FykPzJTddreFinRW2xUSMo4JniZ2xnaYYX79XucDktZpq1WlQIWvfX3uueeefPoSZ9ow1U2VTJkynOnOp8eMdVfUdAde1xvPRpOZN+0+XD92+73+oBMSQ2Ax3cxORAkcywiRKFIsIoZLgZkgu5iFvlEZ6+iUqOfNLP/A+XKS4IQlUp388bCXdEKuDU03swS2ZGFGGS4/vpEjwTI12kf/JD9Hk3HSsfHloUKGLCGCRExhEoaKae33cP63mU17/XHnEO71ZgYPLEjC7HqsGZUiJOqED8akGr0KvJqOr94PdMZNXXGtx0y8JjL6e4zpTjaxKyCpQwPfME0zfKQSdvS9Wim4gBoKEufIwEIuSpgR/G4YfV2aGpqwmcwUPSNaQxdFilC2z2IUAghJwrWGnZDhCZOZQYCM9qdQyZ4j3W9yV1VTx/KHNkQZDJukMTMshHUWk6tREwr2k9HMSFWxpD+eTpPaRatvWNMD7B1Dugn5iaBANFOKCYPgWO2PHPlUKOYb42Tn93vDqWtr2MwoGWND9DNEfc+YNjhH+AgIJzyOOZzQg0s7gkkMd8W/mJL4h1TPTOkC7ws/7NILP17zF+g0cu0M7bmXCgqTX8IoTjWGTAwTAEKjtk4OqyOnTKX0TMhvWXqCO6FQUkgTwVdF7AHoO89ORES/UGKbaeS5kkmk4FAmLiIMhaXPoeLHcxr+nsSatUCrqTqlBsO/Rx5eQvLEXRGFPiFjYqhFKpVBlrSIAKeP3JyKQNsRmxlcONJ4F8OFsOa/mO8Nhn1vMulPmyQrkwXirJnOYhPYtVfjnpNoVQIV5FTGMTRUkYXF9vzLO+0LxDxAuSz5FDQTZHDC9l8GRxCoh1QRJikBXuMDCaVM8SX22McHjW+K8ABqydQdO7I43AWGGBbYbYKixC3C0RRUbzyAtqpWFsqc1g8Ena5kwWoOcmiOu1+4gCbhYTEMnE3j7vdq/7dzshpERIheXKSxZcaxpYnfc0wXi8RFACag23kZmThuZk/z9XL7eHu/uLtdLoLF+u/FenuzmD8Et/8ufO+qX2930EZhcINNLEnNCWBWJZWdZzvG2nuAaqMY3DzMVIEpaK4/BhgLypdM0Tqu6Gc7y0hgqfYf74Kj91v+xNVnv678DRHlSZYgK180PwgBQGNvOHyJ0HoRrL6uvyzu58v5H29BlEAmPIGxuZUiPpWa4JBBlwCOHSwu6CWxhuLm8j0au8A7MJgzO0ZgDbGNi/e5hAt6yqEb1HO0I6rqSSNR9KEmxvnoGgzekFloYBFaWKnMhIFB8+Z4BNp7bfPBic6wdgXNYaDyPYfCawqdB4JcV1S3GHxkBiapFEByGFBWaUFkfLAEuRHqlhODsm45Q96uQzEHX9QBeQ3RBg0lNhTTXAAbc8QBDU+pE5lJC7u5cLB75PU/KoFnpNr8alNUDqAI0JvwxHtm6KHgLoAHQmENlC8A2zZD69Ld/ruLS7tXNa2Dm8ASBvyAlP+HCei9lIHl6rpFAgpsiqU38+vV6mH75+rz9uY2eFytn5zC+mIkGEXuSmOjfWAijqSMYjsnZRaWqlt3Q9cl5+6LQVzFtntA1zCkdvaCoUBn2ryiUbUEKykNDtmegHnAUoGNgb5DqYw5tULHnQ3RdKxlvTINWgM2+MULwWUpVM7/fX67bnvBcL5fOJ1pLl2lVSnt22VAF1PFbZMKJ24L5ZxWNStYQdJ0RI53wWrsL8QRrx4Wy89382C7/Hq/fbxZL+bXge+12AQuwG4KmrdE/lPBs+Bhvv5rez1f3K+W23t4rp/aE64cHShUbA5nQ3eWvMLVWZR1m4iWH423MVeBGmNg2Ov8BzGXmiM=",
              "dataproc-cluster-properties-file": "gs://dataproc-staging-us-central1-349782779724-8igrjnz3/google-cloud-dataproc-metainfo/609487fa-df25-4dc2-baf5-ed2655193598/cluster.properties",
              "dataproc-cluster-uuid": "609487fa-df25-4dc2-baf5-ed2655193598",
              "dataproc-datanode-enabled": "false",
              "dataproc-initialization-script-count": "0",
              "dataproc-master": "jupyter-docker-terraform-qiuyangz-m",
              "dataproc-master-additional": "",
              "dataproc-option-run-init-actions-early": "false",
              "dataproc-protocol-spec": "ElgKKmRhdGFwcm9jY29udHJvbC11cy1jZW50cmFsMS5nb29nbGVhcGlzLmNvbRIqZGF0YXByb2Njb250cm9sLXVzLWNlbnRyYWwxLmdvb2dsZWFwaXMuY29t",
              "dataproc-region": "us-central1",
              "dataproc-role": "Master",
              "dataproc-temp-bucket": "dataproc-temp-us-central1-349782779724-zhz9pxmm",
              "dataproc-worker-agent-runner-daemon-timeout": "30",
              "dataproc-worker-count": "2",
              "has-driver-pool": "false",
              "master-run-driver-location": "LOCAL",
              "node-group-roles": "MASTER"
            },
            "metadata_fingerprint": "5VQRMUhyfsc=",
            "metadata_startup_script": null,
            "min_cpu_platform": "",
            "name": "jupyter-docker-terraform-qiuyangz-m",
            "network_interface": [
              {
                "access_config": [
                  {
                    "nat_ip": "35.238.124.43",
                    "network_tier": "PREMIUM",
                    "public_ptr_domain_name": ""
                  }
                ],
                "alias_ip_range": [],
                "internal_ipv6_prefix_length": 0,
                "ipv6_access_config": [],
                "ipv6_access_type": "",
                "ipv6_address": "",
                "name": "nic0",
                "network": "https://www.googleapis.com/compute/v1/projects/amazing-autumn-398923/global/networks/default",
                "network_ip": "10.128.0.33",
                "nic_type": "",
                "queue_count": 0,
                "stack_type": "IPV4_ONLY",
                "subnetwork": "https://www.googleapis.com/compute/v1/projects/amazing-autumn-398923/regions/us-central1/subnetworks/default",
                "subnetwork_project": "amazing-autumn-398923"
              }
            ],
            "network_performance_config": null,
            "params": null,
            "project": "amazing-autumn-398923",
            "reservation_affinity": null,
            "resource_policies": null,
            "scheduling": [
              {
                "automatic_restart": true,
                "instance_termination_action": "",
                "local_ssd_recovery_timeout": [],
                "min_node_cpus": 0,
                "node_affinities": [],
                "on_host_maintenance": "MIGRATE",
                "preemptible": false,
                "provisioning_model": "STANDARD"
              }
            ],
            "scratch_disk": [],
            "self_link": "https://www.googleapis.com/compute/v1/projects/amazing-autumn-398923/zones/us-central1-a/instances/jupyter-docker-terraform-qiuyangz-m",
            "service_account": [
              {
                "email": "dataproc-sa-account@amazing-autumn-398923.iam.gserviceaccount.com",
                "scopes": [
                  "https://www.googleapis.com/auth/cloud-platform",
                  "https://www.googleapis.com/auth/cloud.useraccounts.readonly",
                  "https://www.googleapis.com/auth/devstorage.read_write",
                  "https://www.googleapis.com/auth/logging.write"
                ]
              }
            ],
            "shielded_instance_config": [
              {
                "enable_integrity_monitoring": true,
                "enable_secure_boot": false,
                "enable_vtpm": true
              }
            ],
            "tags": [
              "jupyter-docker-terraform-qiuyangz"
            ],
            "tags_fingerprint": "8vx5HN9rivg=",
            "terraform_labels": {
              "goog-dataproc-cluster-name": "jupyter-docker-terraform-qiuyangz",
              "goog-dataproc-cluster-uuid": "609487fa-df25-4dc2-baf5-ed2655193598",
              "goog-dataproc-location": "us-central1"
            },
            "zone": "us-central1-a"
          },
          "sensitive_attributes": []
        }
      ]
    },
    {
      "mode": "managed",
      "type": "google_dataproc_cluster",
      "name": "dp_cluster",
      "provider": "provider[\"registry.terraform.io/hashicorp/google\"]",
      "instances": [
        {
          "schema_version": 1,
          "attributes": {
            "cluster_config": [
              {
                "autoscaling_config": [],
                "bucket": "dataproc-staging-us-central1-349782779724-8igrjnz3",
                "dataproc_metric_config": [],
                "encryption_config": [],
                "endpoint_config": [
                  {
                    "enable_http_port_access": false,
                    "http_ports": {}
                  }
                ],
                "gce_cluster_config": [
                  {
                    "internal_ip_only": false,
                    "metadata": null,
                    "network": "https://www.googleapis.com/compute/v1/projects/amazing-autumn-398923/global/networks/default",
                    "node_group_affinity": [],
                    "reservation_affinity": [],
                    "service_account": "dataproc-sa-account@amazing-autumn-398923.iam.gserviceaccount.com",
                    "service_account_scopes": [
                      "https://www.googleapis.com/auth/cloud-platform"
                    ],
                    "shielded_instance_config": [],
                    "subnetwork": "",
                    "tags": [
                      "jupyter-docker-terraform-qiuyangz"
                    ],
                    "zone": "us-central1-a"
                  }
                ],
                "initialization_action": [],
                "lifecycle_config": [],
                "master_config": [
                  {
                    "accelerators": [],
                    "disk_config": [
                      {
                        "boot_disk_size_gb": 30,
                        "boot_disk_type": "pd-ssd",
                        "num_local_ssds": 0
                      }
                    ],
                    "image_uri": "https://www.googleapis.com/compute/v1/projects/cloud-dataproc/global/images/dataproc-1-5-deb10-20230909-165100-rc01",
                    "instance_names": [
                      "jupyter-docker-terraform-qiuyangz-m"
                    ],
                    "machine_type": "n1-standard-2",
                    "min_cpu_platform": "AUTOMATIC",
                    "num_instances": 1
                  }
                ],
                "metastore_config": [],
                "preemptible_worker_config": [
                  {
                    "disk_config": [
                      {
                        "boot_disk_size_gb": 30,
                        "boot_disk_type": "pd-standard",
                        "num_local_ssds": 0
                      }
                    ],
                    "instance_names": [
                      "jupyter-docker-terraform-qiuyangz-sw-0bhh",
                      "jupyter-docker-terraform-qiuyangz-sw-mxkc"
                    ],
                    "num_instances": 2,
                    "preemptibility": "PREEMPTIBLE"
                  }
                ],
                "security_config": [],
                "software_config": [
                  {
                    "image_version": "1.5.90-debian10",
                    "optional_components": [
                      "ANACONDA",
                      "DOCKER",
                      "JUPYTER"
                    ],
                    "override_properties": {
                      "dataproc:dataproc.allow.zero.workers": "true"
                    },
                    "properties": {
                      "capacity-scheduler:yarn.scheduler.capacity.root.default.ordering-policy": "fair",
                      "core:fs.gs.block.size": "134217728",
                      "core:fs.gs.metadata.cache.enable": "false",
                      "core:hadoop.ssl.enabled.protocols": "TLSv1,TLSv1.1,TLSv1.2",
                      "dataproc:dataproc.allow.zero.workers": "true",
                      "distcp:mapreduce.map.java.opts": "-Xmx576m",
                      "distcp:mapreduce.map.memory.mb": "768",
                      "distcp:mapreduce.reduce.java.opts": "-Xmx576m",
                      "distcp:mapreduce.reduce.memory.mb": "768",
                      "hdfs:dfs.datanode.address": "0.0.0.0:9866",
                      "hdfs:dfs.datanode.http.address": "0.0.0.0:9864",
                      "hdfs:dfs.datanode.https.address": "0.0.0.0:9865",
                      "hdfs:dfs.datanode.ipc.address": "0.0.0.0:9867",
                      "hdfs:dfs.namenode.handler.count": "40",
                      "hdfs:dfs.namenode.http-address": "0.0.0.0:9870",
                      "hdfs:dfs.namenode.https-address": "0.0.0.0:9871",
                      "hdfs:dfs.namenode.lifeline.rpc-address": "jupyter-docker-terraform-qiuyangz-m:8050",
                      "hdfs:dfs.namenode.secondary.http-address": "0.0.0.0:9868",
                      "hdfs:dfs.namenode.secondary.https-address": "0.0.0.0:9869",
                      "hdfs:dfs.namenode.service.handler.count": "20",
                      "hdfs:dfs.namenode.servicerpc-address": "jupyter-docker-terraform-qiuyangz-m:8051",
                      "hive:hive.fetch.task.conversion": "none",
                      "mapred-env:HADOOP_JOB_HISTORYSERVER_HEAPSIZE": "1920",
                      "mapred:mapreduce.job.maps": "33",
                      "mapred:mapreduce.job.reduce.slowstart.completedmaps": "0.95",
                      "mapred:mapreduce.job.reduces": "11",
                      "mapred:mapreduce.jobhistory.recovery.store.class": "org.apache.hadoop.mapreduce.v2.hs.HistoryServerLeveldbStateStoreService",
                      "mapred:mapreduce.map.cpu.vcores": "1",
                      "mapred:mapreduce.map.java.opts": "-Xmx1638m",
                      "mapred:mapreduce.map.memory.mb": "2048",
                      "mapred:mapreduce.reduce.cpu.vcores": "1",
                      "mapred:mapreduce.reduce.java.opts": "-Xmx1638m",
                      "mapred:mapreduce.reduce.memory.mb": "2048",
                      "mapred:mapreduce.task.io.sort.mb": "256",
                      "mapred:yarn.app.mapreduce.am.command-opts": "-Xmx1638m",
                      "mapred:yarn.app.mapreduce.am.resource.cpu-vcores": "1",
                      "mapred:yarn.app.mapreduce.am.resource.mb": "2048",
                      "spark-env:SPARK_DAEMON_MEMORY": "1920m",
                      "spark:spark.driver.maxResultSize": "960m",
                      "spark:spark.driver.memory": "1920m",
                      "spark:spark.executor.cores": "1",
                      "spark:spark.executor.instances": "2",
                      "spark:spark.executor.memory": "2688m",
                      "spark:spark.executorEnv.OPENBLAS_NUM_THREADS": "1",
                      "spark:spark.extraListeners": "com.google.cloud.spark.performance.DataprocMetricsListener",
                      "spark:spark.scheduler.mode": "FAIR",
                      "spark:spark.sql.cbo.enabled": "true",
                      "spark:spark.ui.port": "0",
                      "spark:spark.yarn.am.memory": "640m",
                      "yarn-env:YARN_NODEMANAGER_HEAPSIZE": "1920",
                      "yarn-env:YARN_RESOURCEMANAGER_HEAPSIZE": "1920",
                      "yarn-env:YARN_TIMELINESERVER_HEAPSIZE": "1920",
                      "yarn:yarn.nodemanager.address": "0.0.0.0:8026",
                      "yarn:yarn.nodemanager.resource.cpu-vcores": "2",
                      "yarn:yarn.nodemanager.resource.memory-mb": "6144",
                      "yarn:yarn.resourcemanager.nodemanager-graceful-decommission-timeout-secs": "86400",
                      "yarn:yarn.scheduler.maximum-allocation-mb": "6144",
                      "yarn:yarn.scheduler.minimum-allocation-mb": "512"
                    }
                  }
                ],
                "staging_bucket": "",
                "temp_bucket": "dataproc-temp-us-central1-349782779724-zhz9pxmm",
                "worker_config": [
                  {
                    "accelerators": [],
                    "disk_config": [
                      {
                        "boot_disk_size_gb": 30,
                        "boot_disk_type": "pd-standard",
                        "num_local_ssds": 1
                      }
                    ],
                    "image_uri": "https://www.googleapis.com/compute/v1/projects/cloud-dataproc/global/images/dataproc-1-5-deb10-20230909-165100-rc01",
                    "instance_names": [
                      "jupyter-docker-terraform-qiuyangz-w-0",
                      "jupyter-docker-terraform-qiuyangz-w-1"
                    ],
                    "machine_type": "n1-standard-2",
                    "min_cpu_platform": "AUTOMATIC",
                    "min_num_instances": 0,
                    "num_instances": 2
                  }
                ]
              }
            ],
            "effective_labels": {
              "goog-dataproc-cluster-name": "jupyter-docker-terraform-qiuyangz",
              "goog-dataproc-cluster-uuid": "2714cfdd-efdb-41b8-b160-ce7104299c23",
              "goog-dataproc-location": "us-central1"
            },
            "graceful_decommission_timeout": "120s",
            "id": "projects/amazing-autumn-398923/regions/us-central1/clusters/jupyter-docker-terraform-qiuyangz",
            "labels": null,
            "name": "jupyter-docker-terraform-qiuyangz",
            "project": "amazing-autumn-398923",
            "region": "us-central1",
            "terraform_labels": {},
            "timeouts": null,
            "virtual_cluster_config": []
          },
          "sensitive_attributes": [],
          "private": "eyJlMmJmYjczMC1lY2FhLTExZTYtOGY4OC0zNDM2M2JjN2M0YzAiOnsiY3JlYXRlIjoyNzAwMDAwMDAwMDAwLCJkZWxldGUiOjI3MDAwMDAwMDAwMDAsInVwZGF0ZSI6MjcwMDAwMDAwMDAwMH0sInNjaGVtYV92ZXJzaW9uIjoiMSJ9",
          "dependencies": [
            "google_service_account.default"
          ]
        }
      ]
    },
    {
      "mode": "managed",
      "type": "google_service_account",
      "name": "default",
      "provider": "provider[\"registry.terraform.io/hashicorp/google\"]",
      "instances": [
        {
          "schema_version": 0,
          "attributes": {
            "account_id": "dataproc-sa-account",
            "description": "",
            "disabled": false,
            "display_name": "SA",
            "email": "dataproc-sa-account@amazing-autumn-398923.iam.gserviceaccount.com",
            "id": "projects/amazing-autumn-398923/serviceAccounts/dataproc-sa-account@amazing-autumn-398923.iam.gserviceaccount.com",
            "member": "serviceAccount:dataproc-sa-account@amazing-autumn-398923.iam.gserviceaccount.com",
            "name": "projects/amazing-autumn-398923/serviceAccounts/dataproc-sa-account@amazing-autumn-398923.iam.gserviceaccount.com",
            "project": "amazing-autumn-398923",
            "timeouts": null,
            "unique_id": "113108906861588190124"
          },
          "sensitive_attributes": [],
          "private": "eyJlMmJmYjczMC1lY2FhLTExZTYtOGY4OC0zNDM2M2JjN2M0YzAiOnsiY3JlYXRlIjozMDAwMDAwMDAwMDB9fQ=="
        }
      ]
    },
    {
      "mode": "managed",
      "type": "google_storage_bucket",
      "name": "dataproc-bucket",
      "provider": "provider[\"registry.terraform.io/hashicorp/google\"]",
      "instances": [
        {
          "schema_version": 1,
          "attributes": {
            "autoclass": [],
            "cors": [],
            "custom_placement_config": [],
            "default_event_based_hold": false,
            "effective_labels": {},
            "encryption": [],
            "force_destroy": false,
            "id": "amazing-autumn-398923-hw5-new-bucket",
            "labels": {},
            "lifecycle_rule": [],
            "location": "US-CENTRAL1",
            "logging": [],
            "name": "amazing-autumn-398923-hw5-new-bucket",
            "project": "amazing-autumn-398923",
            "public_access_prevention": "inherited",
            "requester_pays": false,
            "retention_policy": [],
            "self_link": "https://www.googleapis.com/storage/v1/b/amazing-autumn-398923-hw5-new-bucket",
            "storage_class": "STANDARD",
            "terraform_labels": {},
            "timeouts": null,
            "uniform_bucket_level_access": true,
            "url": "gs://amazing-autumn-398923-hw5-new-bucket",
            "versioning": [],
            "website": []
          },
          "sensitive_attributes": [],
          "private": "eyJlMmJmYjczMC1lY2FhLTExZTYtOGY4OC0zNDM2M2JjN2M0YzAiOnsiY3JlYXRlIjo2MDAwMDAwMDAwMDAsInJlYWQiOjI0MDAwMDAwMDAwMCwidXBkYXRlIjoyNDAwMDAwMDAwMDB9LCJzY2hlbWFfdmVyc2lvbiI6IjEifQ=="
        }
      ]
    }
  ],
  "check_results": null
}
